
Microsoft Visual Studio Solution File, Format Version 12.00
# Visual Studio 15
Project("{FAE04EC0-301F-11D3-BF4B-00C04F79EFBC}") = "Assembly-CSharp", "Assembly-CSharp.csproj", "{98208728-7D42-A71D-4884-D51D02A40927}"
EndProject
Project("{FAE04EC0-301F-11D3-BF4B-00C04F79EFBC}") = "Assembly-CSharp-firstpass", "Assembly-CSharp-firstpass.csproj", "{3BB5936A-E2C1-204F-8A60-96493917349A}"
EndProject
Project("{FAE04EC0-301F-11D3-BF4B-00C04F79EFBC}") = "UnityEditorMemo.Editor", "UnityEditorMemo.Editor.csproj", "{9FCA42FE-6B3E-B128-A387-2F0927CC0A9B}"
EndProject
Project("{FAE04EC0-301F-11D3-BF4B-00C04F79EFBC}") = "Assembly-CSharp-Editor", "Assembly-CSharp-Editor.csproj", "{17408CCC-A292-4A6C-42FE-AE1B85C021CA}"
EndProject
Global
	GlobalSection(SolutionConfigurationPlatforms) = preSolution
		Debug|Any CPU = Debug|Any CPU
		Release|Any CPU = Release|Any CPU
	EndGlobalSection
	GlobalSection(ProjectConfigurationPlatforms) = postSolution
		{98208728-7D42-A71D-4884-D51D02A40927}.Debug|Any CPU.ActiveCfg = Debug|Any CPU
		{98208728-7D42-A71D-4884-D51D02A40927}.Debug|Any CPU.Build.0 = Debug|Any CPU
		{98208728-7D42-A71D-4884-D51D02A40927}.Release|Any CPU.ActiveCfg = Release|Any CPU
		{98208728-7D42-A71D-4884-D51D02A40927}.Release|Any CPU.Build.0 = Release|Any CPU
		{3BB5936A-E2C1-204F-8A60-96493917349A}.Debug|Any CPU.ActiveCfg = Debug|Any CPU
		{3BB5936A-E2C1-204F-8A60-96493917349A}.Debug|Any CPU.Build.0 = Debug|Any CPU
		{3BB5936A-E2C1-204F-8A60-96493917349A}.Release|Any CPU.ActiveCfg = Release|Any CPU
		{3BB5936A-E2C1-204F-8A60-96493917349A}.Release|Any CPU.Build.0 = Release|Any CPU
		{9FCA42FE-6B3E-B128-A387-2F0927CC0A9B}.Debug|Any CPU.ActiveCfg = Debug|Any CPU
		{9FCA42FE-6B3E-B128-A387-2F0927CC0A9B}.Debug|Any CPU.Build.0 = Debug|Any CPU
		{9FCA42FE-6B3E-B128-A387-2F0927CC0A9B}.Release|Any CPU.ActiveCfg = Release|Any CPU
		{9FCA42FE-6B3E-B128-A387-2F0927CC0A9B}.Release|Any CPU.Build.0 = Release|Any CPU
		{17408CCC-A292-4A6C-42FE-AE1B85C021CA}.Debug|Any CPU.ActiveCfg = Debug|Any CPU
		{17408CCC-A292-4A6C-42FE-AE1B85C021CA}.Debug|Any CPU.Build.0 = Debug|Any CPU
		{17408CCC-A292-4A6C-42FE-AE1B85C021CA}.Release|Any CPU.ActiveCfg = Release|Any CPU
		{17408CCC-A292-4A6C-42FE-AE1B85C021CA}.Release|Any CPU.Build.0 = Release|Any CPU
	EndGlobalSection
	GlobalSection(SolutionProperties) = preSolution
		HideSolutionNode = FALSE
	EndGlobalSection
EndGlobal
